lockfileVersion: 5.4

specifiers:
  '@babel/types': '*'
  '@iter-tools/regex': 0.3.0
  escape-string-regexp: 4.0.0
  prettier: ^2.7.1

dependencies:
  '@babel/types': 7.18.7
  '@iter-tools/regex': 0.3.0
  escape-string-regexp: 4.0.0

devDependencies:
  prettier: 2.7.1

packages:

  /@babel/helper-validator-identifier/7.18.6:
    resolution: {integrity: sha512-MmetCkz9ej86nJQV+sFCxoGGrUbU3q02kgLciwkrt9QqEB7cP39oKEY0PakknEO0Gu20SskMRi+AYZ3b1TpN9g==}
    engines: {node: '>=6.9.0'}
    dev: false

  /@babel/types/7.18.7:
    resolution: {integrity: sha512-QG3yxTcTIBoAcQmkCs+wAPYZhu7Dk9rXKacINfNbdJDNERTbLQbHGyVG8q/YGMPeCJRIhSY0+fTc5+xuh6WPSQ==}
    engines: {node: '>=6.9.0'}
    dependencies:
      '@babel/helper-validator-identifier': 7.18.6
      to-fast-properties: 2.0.0
    dev: false

  /@iter-tools/imm-stack/1.1.0:
    resolution: {integrity: sha512-5wCL8xt4sZ3v0buB3HrzqL2FTkaYB+ZVwkACo1G80zXWWG/8tSGgRiz7EQSkgDRrPQtpoGXRdOKW+GAVmG/Uyg==}
    dev: false

  /@iter-tools/regex/0.3.0:
    resolution: {integrity: sha512-sSFwoYgsEWMOIxqWZt9ugYlblD8W/AXj/aiaDLcrARg6Nlct7STnvlugaxpSZxtueyJr89HfGCaDsC++BKkWPw==}
    engines: {node: '>=12.0.0'}
    dependencies:
      '@iter-tools/imm-stack': 1.1.0
      functional-red-black-tree: 1.0.1
      iter-tools-es: 7.4.0
      regexpp: 3.2.0
    dev: false

  /escape-string-regexp/4.0.0:
    resolution: {integrity: sha512-TtpcNJ3XAzx3Gq8sWRzJaVajRs0uVxA2YAkdb1jm2YkPz4G6egUFAyA3n5vtEIZefPk5Wa4UXbKuS5fKkJWdgA==}
    engines: {node: '>=10'}
    dev: false

  /functional-red-black-tree/1.0.1:
    resolution: {integrity: sha512-dsKNQNdj6xA3T+QlADDA7mOSlX0qiMINjn0cgr+eGHGsbSHzTabcIogz2+p/iqP1Xs6EP/sS2SbqH+brGTbq0g==}
    dev: false

  /iter-tools-es/7.4.0:
    resolution: {integrity: sha512-hd42u8EURn6KoWt/FhTBo7q5IEQrsgn0QPREyzBcfK1cXDmtiPhzKCKUT4LfDOVJQGb6KOawJcwlXCZQFr6n0w==}
    dev: false

  /prettier/2.7.1:
    resolution: {integrity: sha512-ujppO+MkdPqoVINuDFDRLClm7D78qbDt0/NR+wp5FqEZOoTNAjPHWj17QRhu7geIHJfcNhRk1XVQmF8Bp3ye+g==}
    engines: {node: '>=10.13.0'}
    hasBin: true
    dev: true

  /regexpp/3.2.0:
    resolution: {integrity: sha512-pq2bWo9mVD43nbts2wGv17XLiNLya+GklZ8kaDLV2Z08gDCsGpnKn9BFMepvWuHCbyVvY7J5o5+BVvoQbmlJLg==}
    engines: {node: '>=8'}
    dev: false

  /to-fast-properties/2.0.0:
    resolution: {integrity: sha512-/OaKK0xYrs3DmxRYqL/yDc+FxFUVYhDlXMhRmv3z915w2HF1tnN1omB354j8VUGO/hbRzyD6Y3sA7v7GS/ceog==}
    engines: {node: '>=4'}
    dev: false
